{
  "version": 4,
  "terraform_version": "1.13.2",
  "serial": 9,
  "lineage": "a9421ef2-cdaf-a2a1-ecb8-98d1e44ed66d",
  "outputs": {
    "ecs_cluster_name": {
      "value": "CS6650L2-cluster",
      "type": "string"
    },
    "ecs_service_name": {
      "value": "CS6650L2",
      "type": "string"
    }
  },
  "resources": [
    {
      "mode": "data",
      "type": "aws_ecr_authorization_token",
      "name": "registry",
      "provider": "provider[\"registry.terraform.io/hashicorp/aws\"]",
      "instances": [
        {
          "schema_version": 0,
          "attributes": {
            "authorization_token": "QVdTOmV5SndZWGxzYjJGa0lqb2lURW8yY3pGbGRIaHBkRzVSUW5WaFRXWkhXVWxUY3paM1RXNWtSSHBWVkc1aVJIZGpMeTlTTmpkWlJrMUllVzVYVWpkR2QwRjBOMlUyVDB0SmVsRllVbkJqTm5wWFJtUkhiRlppWTFSV1pqQk1SemRKVkVWUVZXeE1aVU14TjFGeVltRkdUVFZJWWxCdFJITkViV3BEVjFNck16VjJORmcwV2xoNWEzbFFjR3BaU3pJeGFrWnRXblI1ZVhCV1NFZzVkSGcxSzNOVVpVMXBaa3BoTlVoS2J6WndOMUYxZFUxcFRVSlBWa3A1WlZaS1RFZGxhWFYyTjNSNlRtWnpPR0kyWmt4U2VrOWFkalZSWWtkTU9HOUhVMGhGV1hOTFduTmxZa04yV1hKU1J6WlZhMHBMUzFkWlUzcElZa0pJVFVWV1J6TkJOMWcxTTJNemJGZzVNR3BvVW05RFNVNWtVR3R4Wm1oYVZHbzNOR28wWnpKUlpHMDFlWEZMUWt3NFl6VjVkWFZKVlRjNFpUQk1SSGs1YUZFMU4wYzROR3hKT1dRelRtTmhUbEZ2UkVaYVoweHdTWEJpZEZBMFFVcHFXVFU1ZVdablJtUmFhRFZRTlV0blUxaHhSSGd6YkhKRFUyUkJRM1YwVUd4UmIzbHZlWGx2WlVGSFYyRkJZbnBtTm5WRFZrSklabGh5VWxGMFFTODRja1F3YVZSUU5Vb3hTR3A0U1hGMlFrbFRhRGQyTmxnNVUzTjVhVVJVWW0xUFdrUk5kVmxFVGsxVFMzbEpaV3hVWkdOblJIWlZabGxRUWpsQlJrMHlPSFptVlVaUFlrWnljRlZ6VlN0bFZqVmhjRE55ZEV4Q1EyMDVRblZPY0RNclNDOHZTRXhhWVhCaFVtaE5iMFJ3V0ZJeWRVWkZZMmhPUW5kUlZ5c3dVbUkzYTFSWVRHVm5TVzVGTTJoeFYxWTRSR3M1ZDJaSE0yWkZhV3h6TW1JeGVUQXdabVF4ZVVkSk16aHJVRk0xUVRkcE9HVkZVV00wWTBwbVFXWTRaa2h1WW1WNWJrRldiMDl3TDJvMkszUlRXbEJhV1hkNVZscGxaa0prWm1ocVExUTNjVk0zZGxKYVJHcGxiVWQ0TVhBeFpGWnNOMDl5VkZVNE5HaHZNWFJ5T0haNU5sWnRjamROY1hkWE5FNUxPWFZDZW5FeFNEZElWekZFWWxaQlkwTlBUamR5TlVwVlFpdHpPRlIwVEZaeGEyNXpjMHBRVjB0UFpFTktSRUptT0ZaQlVrRldOVUkzY0hRM1VuVk1TbU5JTjFsU01YTTJRbFV3TWtOeWNYaG1ibFp5UmxBME9ETXhibnBDYkdwT2EwcGxOWEYyVlhGSWNEbHlNMjlvUTA4NFpGcG5lV1Z0SzNwU1JGZDZOQ3RFVTFSdlJXZ3pOVXg1ZGpkaU5sbHNRbWxCZVRFNFNrWnNOMEkzYkdSdU0xbFpNWHBuUVVoT1ozbHBUSFpxYURBelRXVlBaRXBGWjBkbE1UQkJWa05rVlc5VmFHUlVlRXQ2Y0hwbVNrTklTWFI0YlVKUGNXSlJZMHhxSzBOWk1EVkZaUzgxZEhwQ1kwZFVhbWREUmtkR2VVWTVkSGdyWTFKa1UzQlRTMVZHZFZGUGJYVjNZakZ5TDJsUmVVTmhNMkpwT1VadVdFcDZkMDlsUTFaRGVYSnlXWEJWV0M5M2JtTXpTMGtyZUdwRk5HdFJVVGd2WVc1MldqazVSRTAwWjJwcWQwbFJVSEZUTDJweU1sQlhMMlJoYjJoRlRYWktWVU50VlRKUU1YZGhaa0pDVEdWYUsyZEZieXN3T1ZJMVozVnRjaTk0VEZSaWVteHhZelJRUjBScGFqbGpZM0p4YzFwRFlrSjVSV0paVlVsVFFteGhjamRITkZsdVkzRnlUVVpuY1RKdmFGTTJaSGR1YUUxRWRVSnZOR29yY0VkaVkwcHlNMU15ZFZKeVNEUnVaRW8zVEcxbFpETnZlRWdyVVhoS1NuTTRVV3B2ZEVOQlJFaDRRVzFqWVRCS1lVVTJUU3RRZW1WdFNuSjFTR3hUZEc1TlpqRkRRbmN3UnpaNlFuVlRkMWs0ZERCSmFtdFFSelUwWTBKdlVqQldUbVJGVFRCVWQxWldXR2gwWVVKWldWUlpiMjF4YnpsVmEyWnFiMnRxTjI5NFZUWm5SMlZXTkVOb05FNDFhblJxY1RST1ZVTnJZbk5ETDJ0WE0xSXdlRmxZU0cxbGNFWm1iWG81YVZCMVEwRmxPVWRzT1RCVE9TOVJRbmN3WTJwNlRIUjZRbFJsVVZJelZUMGlMQ0prWVhSaGEyVjVJam9pUVZGRlFrRklhalpzWXpSWVNVcDNMemRzYmpCSVl6QXdSRTFsYXpaSFJYaElRMkpaTkZKSmNGUk5RMGsxT0VsdVZYZEJRVUZJTkhkbVFWbEtTMjlhU1doMlkwNUJVV05IYjBjNGQySlJTVUpCUkVKdlFtZHJjV2hyYVVjNWR6QkNRbmRGZDBobldVcFpTVnBKUVZkVlJFSkJSWFZOUWtWRlJFUXpNWGRTU2xkTlprMU5PVGgwU0hWblNVSkZTVUUzTm5KSmQxSmtSMlpqVDNWVlQwbHRXRlpsUkhGSVpHWjBjREJwUzJscmFqbG5iMXBJU1hwc1NFbHhiMXBEY0ZacWFscFJNVlJWYTBSSFlWTTJZV0pPWkhsNU1VcFRhMUJZWTJFM01tWTNiejBpTENKMlpYSnphVzl1SWpvaU1pSXNJblI1Y0dVaU9pSkVRVlJCWDB0RldTSXNJbVY0Y0dseVlYUnBiMjRpT2pFM05UazNOVFF3TnpsOQ==",
            "expires_at": "2025-10-06T12:34:39Z",
            "id": "us-west-2",
            "password": "eyJwYXlsb2FkIjoiTEo2czFldHhpdG5RQnVhTWZHWUlTczZ3TW5kRHpVVG5iRHdjLy9SNjdZRk1IeW5XUjdGd0F0N2U2T0tJelFYUnBjNnpXRmRHbFZiY1RWZjBMRzdJVEVQVWxMZUMxN1FyYmFGTTVIYlBtRHNEbWpDV1MrMzV2NFg0Wlh5a3lQcGpZSzIxakZtWnR5eXBWSEg5dHg1K3NUZU1pZkphNUhKbzZwN1F1dU1pTUJPVkp5ZVZKTEdlaXV2N3R6TmZzOGI2ZkxSek9adjVRYkdMOG9HU0hFWXNLWnNlYkN2WXJSRzZVa0pLS1dZU3pIYkJITUVWRzNBN1g1M2MzbFg5MGpoUm9DSU5kUGtxZmhaVGo3NGo0ZzJRZG01eXFLQkw4YzV5dXVJVTc4ZTBMRHk5aFE1N0c4NGxJOWQzTmNhTlFvREZaZ0xwSXBidFA0QUpqWTU5eWZnRmRaaDVQNUtnU1hxRHgzbHJDU2RBQ3V0UGxRb3lveXlvZUFHV2FBYnpmNnVDVkJIZlhyUlF0QS84ckQwaVRQNUoxSGp4SXF2QklTaDd2Nlg5U3N5aURUYm1PWkRNdVlETk1TS3lJZWxUZGNnRHZVZllQQjlBRk0yOHZmVUZPYkZycFVzVStlVjVhcDNydExCQ205QnVOcDMrSC8vSExaYXBhUmhNb0RwWFIydUZFY2hOQndRVyswUmI3a1RYTGVnSW5FM2hxV1Y4RGs5d2ZHM2ZFaWxzMmIxeTAwZmQxeUdJMzhrUFM1QTdpOGVFUWM0Y0pmQWY4ZkhuYmV5bkFWb09wL2o2K3RTWlBaWXd5VlplZkJkZmhqQ1Q3cVM3dlJaRGplbUd4MXAxZFZsN09yVFU4NGhvMXRyOHZ5NlZtcjdNcXdXNE5LOXVCenExSDdIVzFEYlZBY0NPTjdyNUpVQitzOFR0TFZxa25zc0pQV0tPZENKREJmOFZBUkFWNUI3cHQ3UnVMSmNIN1lSMXM2QlUwMkNycXhmblZyRlA0ODMxbnpCbGpOa0plNXF2VXFIcDlyM29oQ084ZFpneWVtK3pSRFd6NCtEU1RvRWgzNUx5djdiNllsQmlBeTE4SkZsN0I3bGRuM1lZMXpnQUhOZ3lpTHZqaDAzTWVPZEpFZ0dlMTBBVkNkVW9VaGRUeEt6cHpmSkNISXR4bUJPcWJRY0xqK0NZMDVFZS81dHpCY0dUamdDRkdGeUY5dHgrY1JkU3BTS1VGdVFPbXV3YjFyL2lReUNhM2JpOUZuWEp6d09lQ1ZDeXJyWXBVWC93bmMzS0kreGpFNGtRUTgvYW52Wjk5RE00Z2pqd0lRUHFTL2pyMlBXL2Rhb2hFTXZKVUNtVTJQMXdhZkJCTGVaK2dFbyswOVI1Z3Vtci94TFRiemxxYzRQR0RpajljY3Jxc1pDYkJ5RWJZVUlTQmxhcjdHNFluY3FyTUZncTJvaFM2ZHduaE1EdUJvNGorcEdiY0pyM1MydVJySDRuZEo3TG1lZDNveEgrUXhKSnM4UWpvdENBREh4QW1jYTBKYUU2TStQemVtSnJ1SGxTdG5NZjFDQncwRzZ6QnVTd1k4dDBJamtQRzU0Y0JvUjBWTmRFTTBUd1ZWWGh0YUJZWVRZb21xbzlVa2Zqb2tqN294VTZnR2VWNENoNE41anRqcTROVUNrYnNDL2tXM1IweFlYSG1lcEZmbXo5aVB1Q0FlOUdsOTBTOS9RQncwY2p6THR6QlRlUVIzVT0iLCJkYXRha2V5IjoiQVFFQkFIajZsYzRYSUp3LzdsbjBIYzAwRE1lazZHRXhIQ2JZNFJJcFRNQ0k1OEluVXdBQUFINHdmQVlKS29aSWh2Y05BUWNHb0c4d2JRSUJBREJvQmdrcWhraUc5dzBCQndFd0hnWUpZSVpJQVdVREJBRXVNQkVFREQzMXdSSldNZk1NOTh0SHVnSUJFSUE3NnJJd1JkR2ZjT3VVT0ltWFZlRHFIZGZ0cDBpS2lrajlnb1pISXpsSElxb1pDcFZqalpRMVRVa0RHYVM2YWJOZHl5MUpTa1BYY2E3MmY3bz0iLCJ2ZXJzaW9uIjoiMiIsInR5cGUiOiJEQVRBX0tFWSIsImV4cGlyYXRpb24iOjE3NTk3NTQwNzl9",
            "proxy_endpoint": "https://654654397192.dkr.ecr.us-west-2.amazonaws.com",
            "region": "us-west-2",
            "registry_id": null,
            "user_name": "AWS"
          },
          "sensitive_attributes": [
            [
              {
                "type": "get_attr",
                "value": "authorization_token"
              }
            ],
            [
              {
                "type": "get_attr",
                "value": "password"
              }
            ]
          ],
          "identity_schema_version": 0
        }
      ]
    },
    {
      "mode": "data",
      "type": "aws_iam_role",
      "name": "lab_role",
      "provider": "provider[\"registry.terraform.io/hashicorp/aws\"]",
      "instances": [
        {
          "schema_version": 0,
          "attributes": {
            "arn": "arn:aws:iam::654654397192:role/LabRole",
            "assume_role_policy": "{\"Version\":\"2012-10-17\",\"Statement\":[{\"Effect\":\"Allow\",\"Principal\":{\"Service\":[\"apigateway.amazonaws.com\",\"s3.amazonaws.com\",\"scheduler.amazonaws.com\",\"states.amazonaws.com\",\"batch.amazonaws.com\",\"deepracer.amazonaws.com\",\"elasticmapreduce.amazonaws.com\",\"cloudformation.amazonaws.com\",\"elasticbeanstalk.amazonaws.com\",\"firehose.amazonaws.com\",\"ec2.application-autoscaling.amazonaws.com\",\"databrew.amazonaws.com\",\"events.amazonaws.com\",\"dynamodb.amazonaws.com\",\"ecs.amazonaws.com\",\"secretsmanager.amazonaws.com\",\"redshift.amazonaws.com\",\"sns.amazonaws.com\",\"kms.amazonaws.com\",\"iotanalytics.amazonaws.com\",\"kinesis.amazonaws.com\",\"kinesisanalytics.amazonaws.com\",\"ssm.amazonaws.com\",\"cognito-idp.amazonaws.com\",\"sagemaker.amazonaws.com\",\"eks-fargate-pods.amazonaws.com\",\"glue.amazonaws.com\",\"ec2.amazonaws.com\",\"cloudtrail.amazonaws.com\",\"elasticfilesystem.amazonaws.com\",\"eks.amazonaws.com\",\"elasticloadbalancing.amazonaws.com\",\"application-autoscaling.amazonaws.com\",\"iotevents.amazonaws.com\",\"codecommit.amazonaws.com\",\"logs.amazonaws.com\",\"sqs.amazonaws.com\",\"codedeploy.amazonaws.com\",\"rekognition.amazonaws.com\",\"codewhisperer.amazonaws.com\",\"lambda.amazonaws.com\",\"athena.amazonaws.com\",\"ecs-tasks.amazonaws.com\",\"forecast.amazonaws.com\",\"cloud9.amazonaws.com\",\"pipes.amazonaws.com\",\"iot.amazonaws.com\",\"resource-groups.amazonaws.com\",\"rds.amazonaws.com\",\"autoscaling.amazonaws.com\",\"backup.amazonaws.com\",\"credentials.iot.amazonaws.com\",\"servicecatalog.amazonaws.com\"],\"AWS\":\"arn:aws:iam::654654397192:role/LabRole\"},\"Action\":\"sts:AssumeRole\"}]}",
            "create_date": "2025-09-07T16:26:17Z",
            "description": "",
            "id": "LabRole",
            "max_session_duration": 3600,
            "name": "LabRole",
            "path": "/",
            "permissions_boundary": "",
            "role_last_used": [
              {
                "last_used_date": "2025-09-29T19:24:32Z",
                "region": "us-east-1"
              }
            ],
            "tags": {
              "cloudlab": "c169671a4380641l11487058t1w654654397192"
            },
            "unique_id": "AROAZQ3DRLMEMNPUCBTP7"
          },
          "sensitive_attributes": [],
          "identity_schema_version": 0
        }
      ]
    },
    {
      "mode": "managed",
      "type": "docker_image",
      "name": "app",
      "provider": "provider[\"registry.terraform.io/kreuzwerker/docker\"]",
      "instances": [
        {
          "schema_version": 0,
          "attributes": {
            "build": [
              {
                "auth_config": [],
                "build_arg": null,
                "build_args": null,
                "build_id": "",
                "cache_from": [],
                "cgroup_parent": "",
                "context": "../src",
                "cpu_period": null,
                "cpu_quota": null,
                "cpu_set_cpus": "",
                "cpu_set_mems": "",
                "cpu_shares": null,
                "dockerfile": "Dockerfile",
                "extra_hosts": [],
                "force_remove": null,
                "isolation": "",
                "label": null,
                "labels": null,
                "memory": null,
                "memory_swap": null,
                "network_mode": "",
                "no_cache": null,
                "path": "",
                "platform": "",
                "pull_parent": null,
                "remote_context": "",
                "remove": true,
                "security_opt": [],
                "session_id": "",
                "shm_size": null,
                "squash": null,
                "suppress_output": null,
                "tag": [],
                "target": "",
                "ulimit": [],
                "version": ""
              }
            ],
            "force_remove": null,
            "id": "sha256:d51af59a07e88e1b902241dccdbe7f17977227dac43cd215e381ebb0c678ffd2654654397192.dkr.ecr.us-west-2.amazonaws.com/ecr_service:latest",
            "image_id": "sha256:d51af59a07e88e1b902241dccdbe7f17977227dac43cd215e381ebb0c678ffd2",
            "keep_locally": null,
            "latest": "sha256:d51af59a07e88e1b902241dccdbe7f17977227dac43cd215e381ebb0c678ffd2",
            "name": "654654397192.dkr.ecr.us-west-2.amazonaws.com/ecr_service:latest",
            "output": null,
            "platform": null,
            "pull_trigger": null,
            "pull_triggers": null,
            "repo_digest": "",
            "triggers": null
          },
          "sensitive_attributes": [],
          "identity_schema_version": 0,
          "private": "bnVsbA==",
          "dependencies": [
            "data.aws_ecr_authorization_token.registry",
            "module.ecr.aws_ecr_repository.this"
          ]
        }
      ]
    },
    {
      "mode": "managed",
      "type": "docker_registry_image",
      "name": "app",
      "provider": "provider[\"registry.terraform.io/kreuzwerker/docker\"]",
      "instances": [
        {
          "schema_version": 0,
          "attributes": {
            "build": [],
            "id": "sha256:e7c9cf75f20c4d871b1f11caae2e642ab4296ca82231cb9684dbc53e37572a82",
            "insecure_skip_verify": false,
            "keep_remotely": false,
            "name": "654654397192.dkr.ecr.us-west-2.amazonaws.com/ecr_service:latest",
            "sha256_digest": "sha256:e7c9cf75f20c4d871b1f11caae2e642ab4296ca82231cb9684dbc53e37572a82",
            "triggers": null
          },
          "sensitive_attributes": [],
          "identity_schema_version": 0,
          "private": "bnVsbA==",
          "dependencies": [
            "data.aws_ecr_authorization_token.registry",
            "docker_image.app",
            "module.ecr.aws_ecr_repository.this"
          ]
        }
      ]
    },
    {
      "module": "module.ecr",
      "mode": "managed",
      "type": "aws_ecr_repository",
      "name": "this",
      "provider": "provider[\"registry.terraform.io/hashicorp/aws\"]",
      "instances": [
        {
          "schema_version": 0,
          "attributes": {
            "arn": "arn:aws:ecr:us-west-2:654654397192:repository/ecr_service",
            "encryption_configuration": [
              {
                "encryption_type": "AES256",
                "kms_key": ""
              }
            ],
            "force_delete": null,
            "id": "ecr_service",
            "image_scanning_configuration": [
              {
                "scan_on_push": false
              }
            ],
            "image_tag_mutability": "MUTABLE",
            "name": "ecr_service",
            "region": "us-west-2",
            "registry_id": "654654397192",
            "repository_url": "654654397192.dkr.ecr.us-west-2.amazonaws.com/ecr_service",
            "tags": null,
            "tags_all": {},
            "timeouts": null
          },
          "sensitive_attributes": [],
          "identity_schema_version": 0,
          "private": "eyJlMmJmYjczMC1lY2FhLTExZTYtOGY4OC0zNDM2M2JjN2M0YzAiOnsiZGVsZXRlIjoxMjAwMDAwMDAwMDAwfX0="
        }
      ]
    },
    {
      "module": "module.ecs",
      "mode": "managed",
      "type": "aws_ecs_cluster",
      "name": "this",
      "provider": "provider[\"registry.terraform.io/hashicorp/aws\"]",
      "instances": [
        {
          "schema_version": 0,
          "attributes": {
            "arn": "arn:aws:ecs:us-west-2:654654397192:cluster/CS6650L2-cluster",
            "configuration": [],
            "id": "arn:aws:ecs:us-west-2:654654397192:cluster/CS6650L2-cluster",
            "name": "CS6650L2-cluster",
            "region": "us-west-2",
            "service_connect_defaults": [],
            "setting": [
              {
                "name": "containerInsights",
                "value": "disabled"
              }
            ],
            "tags": null,
            "tags_all": {}
          },
          "sensitive_attributes": [],
          "identity_schema_version": 0,
          "private": "bnVsbA=="
        }
      ]
    },
    {
      "module": "module.ecs",
      "mode": "managed",
      "type": "aws_ecs_service",
      "name": "this",
      "provider": "provider[\"registry.terraform.io/hashicorp/aws\"]",
      "instances": [
        {
          "schema_version": 1,
          "attributes": {
            "alarms": [],
            "arn": "arn:aws:ecs:us-west-2:654654397192:service/CS6650L2-cluster/CS6650L2",
            "availability_zone_rebalancing": "DISABLED",
            "capacity_provider_strategy": [],
            "cluster": "arn:aws:ecs:us-west-2:654654397192:cluster/CS6650L2-cluster",
            "deployment_circuit_breaker": [
              {
                "enable": false,
                "rollback": false
              }
            ],
            "deployment_configuration": [],
            "deployment_controller": [
              {
                "type": "ECS"
              }
            ],
            "deployment_maximum_percent": 200,
            "deployment_minimum_healthy_percent": 100,
            "desired_count": 1,
            "enable_ecs_managed_tags": false,
            "enable_execute_command": false,
            "force_delete": null,
            "force_new_deployment": null,
            "health_check_grace_period_seconds": 0,
            "iam_role": "/aws-service-role/ecs.amazonaws.com/AWSServiceRoleForECS",
            "id": "arn:aws:ecs:us-west-2:654654397192:service/CS6650L2-cluster/CS6650L2",
            "launch_type": "FARGATE",
            "load_balancer": [],
            "name": "CS6650L2",
            "network_configuration": [
              {
                "assign_public_ip": true,
                "security_groups": [
                  "sg-0cdbe0c57f67909c6"
                ],
                "subnets": [
                  "subnet-00530fa4350b99c4c",
                  "subnet-033697672b460e8fd",
                  "subnet-08ffcc9ca379925ab",
                  "subnet-0e85e51e86e7da55c"
                ]
              }
            ],
            "ordered_placement_strategy": [],
            "placement_constraints": [],
            "platform_version": "LATEST",
            "propagate_tags": "NONE",
            "region": "us-west-2",
            "scheduling_strategy": "REPLICA",
            "service_connect_configuration": [],
            "service_registries": [],
            "tags": null,
            "tags_all": {},
            "task_definition": "arn:aws:ecs:us-west-2:654654397192:task-definition/CS6650L2-task:1",
            "timeouts": null,
            "triggers": {},
            "volume_configuration": [],
            "vpc_lattice_configurations": [],
            "wait_for_steady_state": false
          },
          "sensitive_attributes": [],
          "identity_schema_version": 0,
          "private": "eyJlMmJmYjczMC1lY2FhLTExZTYtOGY4OC0zNDM2M2JjN2M0YzAiOnsiY3JlYXRlIjoxMjAwMDAwMDAwMDAwLCJkZWxldGUiOjEyMDAwMDAwMDAwMDAsInVwZGF0ZSI6MTIwMDAwMDAwMDAwMH0sInNjaGVtYV92ZXJzaW9uIjoiMSJ9",
          "dependencies": [
            "data.aws_iam_role.lab_role",
            "module.ecr.aws_ecr_repository.this",
            "module.ecs.aws_ecs_cluster.this",
            "module.ecs.aws_ecs_task_definition.this",
            "module.logging.aws_cloudwatch_log_group.this",
            "module.network.aws_security_group.this",
            "module.network.data.aws_subnets.default",
            "module.network.data.aws_vpc.default"
          ]
        }
      ]
    },
    {
      "module": "module.ecs",
      "mode": "managed",
      "type": "aws_ecs_task_definition",
      "name": "this",
      "provider": "provider[\"registry.terraform.io/hashicorp/aws\"]",
      "instances": [
        {
          "schema_version": 1,
          "attributes": {
            "arn": "arn:aws:ecs:us-west-2:654654397192:task-definition/CS6650L2-task:1",
            "arn_without_revision": "arn:aws:ecs:us-west-2:654654397192:task-definition/CS6650L2-task",
            "container_definitions": "[{\"environment\":[],\"essential\":true,\"image\":\"654654397192.dkr.ecr.us-west-2.amazonaws.com/ecr_service:latest\",\"logConfiguration\":{\"logDriver\":\"awslogs\",\"options\":{\"awslogs-group\":\"/ecs/CS6650L2\",\"awslogs-region\":\"us-west-2\",\"awslogs-stream-prefix\":\"ecs\"}},\"mountPoints\":[],\"name\":\"CS6650L2-container\",\"portMappings\":[{\"containerPort\":8080,\"hostPort\":8080,\"protocol\":\"tcp\"}],\"systemControls\":[],\"volumesFrom\":[]}]",
            "cpu": "256",
            "enable_fault_injection": false,
            "ephemeral_storage": [],
            "execution_role_arn": "arn:aws:iam::654654397192:role/LabRole",
            "family": "CS6650L2-task",
            "id": "CS6650L2-task",
            "ipc_mode": "",
            "memory": "512",
            "network_mode": "awsvpc",
            "pid_mode": "",
            "placement_constraints": [],
            "proxy_configuration": [],
            "region": "us-west-2",
            "requires_compatibilities": [
              "FARGATE"
            ],
            "revision": 1,
            "runtime_platform": [],
            "skip_destroy": false,
            "tags": null,
            "tags_all": {},
            "task_role_arn": "arn:aws:iam::654654397192:role/LabRole",
            "track_latest": false,
            "volume": []
          },
          "sensitive_attributes": [],
          "identity_schema_version": 0,
          "private": "eyJzY2hlbWFfdmVyc2lvbiI6IjEifQ==",
          "dependencies": [
            "data.aws_iam_role.lab_role",
            "module.ecr.aws_ecr_repository.this",
            "module.logging.aws_cloudwatch_log_group.this"
          ]
        }
      ]
    },
    {
      "module": "module.logging",
      "mode": "managed",
      "type": "aws_cloudwatch_log_group",
      "name": "this",
      "provider": "provider[\"registry.terraform.io/hashicorp/aws\"]",
      "instances": [
        {
          "schema_version": 0,
          "attributes": {
            "arn": "arn:aws:logs:us-west-2:654654397192:log-group:/ecs/CS6650L2",
            "id": "/ecs/CS6650L2",
            "kms_key_id": "",
            "log_group_class": "STANDARD",
            "name": "/ecs/CS6650L2",
            "name_prefix": "",
            "region": "us-west-2",
            "retention_in_days": 7,
            "skip_destroy": false,
            "tags": null,
            "tags_all": {}
          },
          "sensitive_attributes": [],
          "identity_schema_version": 0,
          "private": "bnVsbA=="
        }
      ]
    },
    {
      "module": "module.network",
      "mode": "data",
      "type": "aws_subnets",
      "name": "default",
      "provider": "provider[\"registry.terraform.io/hashicorp/aws\"]",
      "instances": [
        {
          "schema_version": 0,
          "attributes": {
            "filter": [
              {
                "name": "vpc-id",
                "values": [
                  "vpc-0e1578d4a447783cb"
                ]
              }
            ],
            "id": "us-west-2",
            "ids": [
              "subnet-033697672b460e8fd",
              "subnet-0e85e51e86e7da55c",
              "subnet-00530fa4350b99c4c",
              "subnet-08ffcc9ca379925ab"
            ],
            "region": "us-west-2",
            "tags": null,
            "timeouts": null
          },
          "sensitive_attributes": [],
          "identity_schema_version": 0
        }
      ]
    },
    {
      "module": "module.network",
      "mode": "data",
      "type": "aws_vpc",
      "name": "default",
      "provider": "provider[\"registry.terraform.io/hashicorp/aws\"]",
      "instances": [
        {
          "schema_version": 0,
          "attributes": {
            "arn": "arn:aws:ec2:us-west-2:654654397192:vpc/vpc-0e1578d4a447783cb",
            "cidr_block": "172.31.0.0/16",
            "cidr_block_associations": [
              {
                "association_id": "vpc-cidr-assoc-0114f1f8f4be94dfb",
                "cidr_block": "172.31.0.0/16",
                "state": "associated"
              }
            ],
            "default": true,
            "dhcp_options_id": "dopt-0264f31751482c797",
            "enable_dns_hostnames": true,
            "enable_dns_support": true,
            "enable_network_address_usage_metrics": false,
            "filter": null,
            "id": "vpc-0e1578d4a447783cb",
            "instance_tenancy": "default",
            "ipv6_association_id": "",
            "ipv6_cidr_block": "",
            "main_route_table_id": "rtb-0a83a4713c041f4b1",
            "owner_id": "654654397192",
            "region": "us-west-2",
            "state": null,
            "tags": {},
            "timeouts": null
          },
          "sensitive_attributes": [],
          "identity_schema_version": 0
        }
      ]
    },
    {
      "module": "module.network",
      "mode": "managed",
      "type": "aws_security_group",
      "name": "this",
      "provider": "provider[\"registry.terraform.io/hashicorp/aws\"]",
      "instances": [
        {
          "schema_version": 1,
          "attributes": {
            "arn": "arn:aws:ec2:us-west-2:654654397192:security-group/sg-0cdbe0c57f67909c6",
            "description": "Allow inbound on 8080",
            "egress": [
              {
                "cidr_blocks": [
                  "0.0.0.0/0"
                ],
                "description": "Allow all outbound",
                "from_port": 0,
                "ipv6_cidr_blocks": [],
                "prefix_list_ids": [],
                "protocol": "-1",
                "security_groups": [],
                "self": false,
                "to_port": 0
              }
            ],
            "id": "sg-0cdbe0c57f67909c6",
            "ingress": [
              {
                "cidr_blocks": [
                  "0.0.0.0/0"
                ],
                "description": "Allow HTTP traffic",
                "from_port": 8080,
                "ipv6_cidr_blocks": [],
                "prefix_list_ids": [],
                "protocol": "tcp",
                "security_groups": [],
                "self": false,
                "to_port": 8080
              }
            ],
            "name": "CS6650L2-sg",
            "name_prefix": "",
            "owner_id": "654654397192",
            "region": "us-west-2",
            "revoke_rules_on_delete": false,
            "tags": null,
            "tags_all": {},
            "timeouts": null,
            "vpc_id": "vpc-0e1578d4a447783cb"
          },
          "sensitive_attributes": [],
          "identity_schema_version": 0,
          "private": "eyJlMmJmYjczMC1lY2FhLTExZTYtOGY4OC0zNDM2M2JjN2M0YzAiOnsiY3JlYXRlIjo2MDAwMDAwMDAwMDAsImRlbGV0ZSI6OTAwMDAwMDAwMDAwfSwic2NoZW1hX3ZlcnNpb24iOiIxIn0=",
          "dependencies": [
            "module.network.data.aws_vpc.default"
          ]
        }
      ]
    }
  ],
  "check_results": null
}
